
Microsoft Visual Studio Solution File, Format Version 12.00
# Visual Studio Version 16
VisualStudioVersion = 16.0.30413.136
MinimumVisualStudioVersion = 10.0.40219.1
Project("{FAE04EC0-301F-11D3-BF4B-00C04F79EFBC}") = "Harjoitus10_SignalRChat", "Harjoitus10_SignalRChat.csproj", "{9DA68FD2-2D64-41FF-8641-E67D926E70CF}"
EndProject
Global
	GlobalSection(SolutionConfigurationPlatforms) = preSolution
		Debug|Any CPU = Debug|Any CPU
		Release|Any CPU = Release|Any CPU
	EndGlobalSection
	GlobalSection(ProjectConfigurationPlatforms) = postSolution
		{9DA68FD2-2D64-41FF-8641-E67D926E70CF}.Debug|Any CPU.ActiveCfg = Debug|Any CPU
		{9DA68FD2-2D64-41FF-8641-E67D926E70CF}.Debug|Any CPU.Build.0 = Debug|Any CPU
		{9DA68FD2-2D64-41FF-8641-E67D926E70CF}.Release|Any CPU.ActiveCfg = Release|Any CPU
		{9DA68FD2-2D64-41FF-8641-E67D926E70CF}.Release|Any CPU.Build.0 = Release|Any CPU
	EndGlobalSection
	GlobalSection(SolutionProperties) = preSolution
		HideSolutionNode = FALSE
	EndGlobalSection
	GlobalSection(ExtensibilityGlobals) = postSolution
		SolutionGuid = {53071B45-6FCC-4CB3-A1D8-AFA00651B3DB}
	EndGlobalSection
EndGlobal
